
Microsoft Visual Studio Solution File, Format Version 12.00
# Visual Studio 15
VisualStudioVersion = 15.0.27703.2042
MinimumVisualStudioVersion = 10.0.40219.1
Project("{9A19103F-16F7-4668-BE54-9A1E7A4F7556}") = "AkkaIoTIngress", "AkkaIoTIngress\AkkaIoTIngress.csproj", "{17970EBA-EF0E-4223-9670-7E1DE3C47262}"
EndProject
Project("{E53339B2-1760-4266-BCC7-CA923CBCF16C}") = "docker-compose", "docker-compose.dcproj", "{70C36C75-250D-41FE-84EA-163DE391C66C}"
EndProject
Project("{9A19103F-16F7-4668-BE54-9A1E7A4F7556}") = "AkkaIoTLoadTest", "..\AkkaIoTLoadTest\AkkaIoTLoadTest.csproj", "{10F76599-9ABE-4B77-B550-B860535011CB}"
EndProject
Project("{9A19103F-16F7-4668-BE54-9A1E7A4F7556}") = "AkkaIoTDeviceSimulator", "AkkaIoTDeviceSimulator\AkkaIoTDeviceSimulator.csproj", "{4CC17FAE-0660-4860-833D-B3F2EBA97378}"
EndProject
Project("{FAE04EC0-301F-11D3-BF4B-00C04F79EFBC}") = "AkkaIoTDeviceSimulator.Console", "..\AkkaIoTDeviceSimulator.Console\AkkaIoTDeviceSimulator.Console.csproj", "{C67DE8F7-D431-41A3-90C8-0BA770E9830A}"
EndProject
Global
	GlobalSection(SolutionConfigurationPlatforms) = preSolution
		Debug|Any CPU = Debug|Any CPU
		Release|Any CPU = Release|Any CPU
	EndGlobalSection
	GlobalSection(ProjectConfigurationPlatforms) = postSolution
		{17970EBA-EF0E-4223-9670-7E1DE3C47262}.Debug|Any CPU.ActiveCfg = Debug|Any CPU
		{17970EBA-EF0E-4223-9670-7E1DE3C47262}.Debug|Any CPU.Build.0 = Debug|Any CPU
		{17970EBA-EF0E-4223-9670-7E1DE3C47262}.Release|Any CPU.ActiveCfg = Release|Any CPU
		{17970EBA-EF0E-4223-9670-7E1DE3C47262}.Release|Any CPU.Build.0 = Release|Any CPU
		{70C36C75-250D-41FE-84EA-163DE391C66C}.Debug|Any CPU.ActiveCfg = Debug|Any CPU
		{70C36C75-250D-41FE-84EA-163DE391C66C}.Debug|Any CPU.Build.0 = Debug|Any CPU
		{70C36C75-250D-41FE-84EA-163DE391C66C}.Release|Any CPU.ActiveCfg = Release|Any CPU
		{70C36C75-250D-41FE-84EA-163DE391C66C}.Release|Any CPU.Build.0 = Release|Any CPU
		{10F76599-9ABE-4B77-B550-B860535011CB}.Debug|Any CPU.ActiveCfg = Debug|Any CPU
		{10F76599-9ABE-4B77-B550-B860535011CB}.Debug|Any CPU.Build.0 = Debug|Any CPU
		{10F76599-9ABE-4B77-B550-B860535011CB}.Release|Any CPU.ActiveCfg = Release|Any CPU
		{10F76599-9ABE-4B77-B550-B860535011CB}.Release|Any CPU.Build.0 = Release|Any CPU
		{4CC17FAE-0660-4860-833D-B3F2EBA97378}.Debug|Any CPU.ActiveCfg = Debug|Any CPU
		{4CC17FAE-0660-4860-833D-B3F2EBA97378}.Debug|Any CPU.Build.0 = Debug|Any CPU
		{4CC17FAE-0660-4860-833D-B3F2EBA97378}.Release|Any CPU.ActiveCfg = Release|Any CPU
		{4CC17FAE-0660-4860-833D-B3F2EBA97378}.Release|Any CPU.Build.0 = Release|Any CPU
		{C67DE8F7-D431-41A3-90C8-0BA770E9830A}.Debug|Any CPU.ActiveCfg = Debug|Any CPU
		{C67DE8F7-D431-41A3-90C8-0BA770E9830A}.Debug|Any CPU.Build.0 = Debug|Any CPU
		{C67DE8F7-D431-41A3-90C8-0BA770E9830A}.Release|Any CPU.ActiveCfg = Release|Any CPU
		{C67DE8F7-D431-41A3-90C8-0BA770E9830A}.Release|Any CPU.Build.0 = Release|Any CPU
	EndGlobalSection
	GlobalSection(SolutionProperties) = preSolution
		HideSolutionNode = FALSE
	EndGlobalSection
	GlobalSection(ExtensibilityGlobals) = postSolution
		SolutionGuid = {65035E49-3F71-410A-BE59-97BD254E064C}
	EndGlobalSection
EndGlobal
